
Microsoft Visual Studio Solution File, Format Version 12.00
# Visual Studio Version 16
VisualStudioVersion = 16.0.30204.135
MinimumVisualStudioVersion = 10.0.40219.1
Project("{FAE04EC0-301F-11D3-BF4B-00C04F79EFBC}") = "rtf_app", "rtf_app\rtf_app.csproj", "{7B450092-C630-44B4-8A58-FFB498B17D36}"
EndProject
Project("{FAE04EC0-301F-11D3-BF4B-00C04F79EFBC}") = "WpfControlLibrary1", "WpfControlLibrary1\WpfControlLibrary1.csproj", "{4F95C51C-7F37-40C0-880F-455AC3447B5C}"
EndProject
Global
	GlobalSection(SolutionConfigurationPlatforms) = preSolution
		Debug|Any CPU = Debug|Any CPU
		Release|Any CPU = Release|Any CPU
	EndGlobalSection
	GlobalSection(ProjectConfigurationPlatforms) = postSolution
		{7B450092-C630-44B4-8A58-FFB498B17D36}.Debug|Any CPU.ActiveCfg = Debug|Any CPU
		{7B450092-C630-44B4-8A58-FFB498B17D36}.Debug|Any CPU.Build.0 = Debug|Any CPU
		{7B450092-C630-44B4-8A58-FFB498B17D36}.Release|Any CPU.ActiveCfg = Release|Any CPU
		{7B450092-C630-44B4-8A58-FFB498B17D36}.Release|Any CPU.Build.0 = Release|Any CPU
		{4F95C51C-7F37-40C0-880F-455AC3447B5C}.Debug|Any CPU.ActiveCfg = Debug|Any CPU
		{4F95C51C-7F37-40C0-880F-455AC3447B5C}.Debug|Any CPU.Build.0 = Debug|Any CPU
		{4F95C51C-7F37-40C0-880F-455AC3447B5C}.Release|Any CPU.ActiveCfg = Release|Any CPU
		{4F95C51C-7F37-40C0-880F-455AC3447B5C}.Release|Any CPU.Build.0 = Release|Any CPU
	EndGlobalSection
	GlobalSection(SolutionProperties) = preSolution
		HideSolutionNode = FALSE
	EndGlobalSection
	GlobalSection(ExtensibilityGlobals) = postSolution
		SolutionGuid = {2D5F2465-02C4-4F54-89C3-12A294E6B393}
	EndGlobalSection
EndGlobal
